
Microsoft Visual Studio Solution File, Format Version 12.00
# Visual Studio Version 16
VisualStudioVersion = 16.0.30517.126
MinimumVisualStudioVersion = 10.0.40219.1
Project("{FAE04EC0-301F-11D3-BF4B-00C04F79EFBC}") = "CatsAndDogs", "CatsAndDogs\CatsAndDogs.csproj", "{022CEE50-8270-468D-B4D8-7E1212C69294}"
EndProject
Global
	GlobalSection(SolutionConfigurationPlatforms) = preSolution
		Debug|Any CPU = Debug|Any CPU
		Release|Any CPU = Release|Any CPU
	EndGlobalSection
	GlobalSection(ProjectConfigurationPlatforms) = postSolution
		{022CEE50-8270-468D-B4D8-7E1212C69294}.Debug|Any CPU.ActiveCfg = Debug|Any CPU
		{022CEE50-8270-468D-B4D8-7E1212C69294}.Debug|Any CPU.Build.0 = Debug|Any CPU
		{022CEE50-8270-468D-B4D8-7E1212C69294}.Release|Any CPU.ActiveCfg = Release|Any CPU
		{022CEE50-8270-468D-B4D8-7E1212C69294}.Release|Any CPU.Build.0 = Release|Any CPU
	EndGlobalSection
	GlobalSection(SolutionProperties) = preSolution
		HideSolutionNode = FALSE
	EndGlobalSection
	GlobalSection(ExtensibilityGlobals) = postSolution
		SolutionGuid = {1D9A48B6-0F39-4B6B-9C3A-9237359CF415}
	EndGlobalSection
EndGlobal
